// !$*UTF8*$!
{
	archiveVersion = 1;
	classes = {
	};
	objectVersion = 56;
	objects = {

/* Begin PBXBuildFile section */
		620C284B2B1C811600C5488B /* HttpService.swift in Sources */ = {isa = PBXBuildFile; fileRef = 620C284A2B1C811600C5488B /* HttpService.swift */; };
		620C284D2B1C856900C5488B /* AppConfiguration.swift in Sources */ = {isa = PBXBuildFile; fileRef = 620C284C2B1C856900C5488B /* AppConfiguration.swift */; };
		620C28522B1CA5C100C5488B /* ApiService.swift in Sources */ = {isa = PBXBuildFile; fileRef = 620C28512B1CA5C100C5488B /* ApiService.swift */; };
		620C28562B1CB52100C5488B /* NetworkSessionManager.swift in Sources */ = {isa = PBXBuildFile; fileRef = 620C28552B1CB52100C5488B /* NetworkSessionManager.swift */; };
		620C28582B1CE10700C5488B /* ErrorResponse.swift in Sources */ = {isa = PBXBuildFile; fileRef = 620C28572B1CE10700C5488B /* ErrorResponse.swift */; };
		620C285B2B1D7FB600C5488B /* ErrorResult.swift in Sources */ = {isa = PBXBuildFile; fileRef = 620C285A2B1D7FB600C5488B /* ErrorResult.swift */; };
		620C285E2B1D864F00C5488B /* DataConvertor.swift in Sources */ = {isa = PBXBuildFile; fileRef = 620C285D2B1D864F00C5488B /* DataConvertor.swift */; };
		620C28602B1D8DEA00C5488B /* ErrorResultEntity.swift in Sources */ = {isa = PBXBuildFile; fileRef = 620C285F2B1D8DEA00C5488B /* ErrorResultEntity.swift */; };
		620C28642B1D96BA00C5488B /* LiveRepository.swift in Sources */ = {isa = PBXBuildFile; fileRef = 620C28632B1D96BA00C5488B /* LiveRepository.swift */; };
		620C28662B1D97E100C5488B /* LiveRepositoryImpl.swift in Sources */ = {isa = PBXBuildFile; fileRef = 620C28652B1D97E100C5488B /* LiveRepositoryImpl.swift */; };
		620C286C2B1DC6F100C5488B /* LiveUseCase.swift in Sources */ = {isa = PBXBuildFile; fileRef = 620C286B2B1DC6F100C5488B /* LiveUseCase.swift */; };
		620C286E2B1DC73100C5488B /* LiveUseCaseImpl.swift in Sources */ = {isa = PBXBuildFile; fileRef = 620C286D2B1DC73100C5488B /* LiveUseCaseImpl.swift */; };
		6216CA282B199FB1007532BC /* MainViewModel.swift in Sources */ = {isa = PBXBuildFile; fileRef = 6216CA272B199FB1007532BC /* MainViewModel.swift */; };
		6216CA302B19A75C007532BC /* Localizable.strings in Resources */ = {isa = PBXBuildFile; fileRef = 6216CA322B19A75C007532BC /* Localizable.strings */; };
		6216CA382B19B4F7007532BC /* Extensions.swift in Sources */ = {isa = PBXBuildFile; fileRef = 6216CA372B19B4F7007532BC /* Extensions.swift */; };
		6216CA402B19DA50007532BC /* Live.swift in Sources */ = {isa = PBXBuildFile; fileRef = 6216CA3F2B19DA50007532BC /* Live.swift */; };
		62EB500E2B16AE0600368AC1 /* AppDelegate.swift in Sources */ = {isa = PBXBuildFile; fileRef = 62EB500D2B16AE0600368AC1 /* AppDelegate.swift */; };
		62EB50122B16AE0600368AC1 /* ViewController.swift in Sources */ = {isa = PBXBuildFile; fileRef = 62EB50112B16AE0600368AC1 /* ViewController.swift */; };
		62EB50152B16AE0600368AC1 /* Main.storyboard in Resources */ = {isa = PBXBuildFile; fileRef = 62EB50132B16AE0600368AC1 /* Main.storyboard */; };
		62EB50172B16AE0800368AC1 /* Assets.xcassets in Resources */ = {isa = PBXBuildFile; fileRef = 62EB50162B16AE0800368AC1 /* Assets.xcassets */; };
		62EB501A2B16AE0800368AC1 /* LaunchScreen.storyboard in Resources */ = {isa = PBXBuildFile; fileRef = 62EB50182B16AE0800368AC1 /* LaunchScreen.storyboard */; };
		62EB50252B16AE0800368AC1 /* coding_test_mobileTests.swift in Sources */ = {isa = PBXBuildFile; fileRef = 62EB50242B16AE0800368AC1 /* coding_test_mobileTests.swift */; };
		62EB502F2B16AE0800368AC1 /* coding_test_mobileUITests.swift in Sources */ = {isa = PBXBuildFile; fileRef = 62EB502E2B16AE0800368AC1 /* coding_test_mobileUITests.swift */; };
		62EB50312B16AE0800368AC1 /* coding_test_mobileUITestsLaunchTests.swift in Sources */ = {isa = PBXBuildFile; fileRef = 62EB50302B16AE0800368AC1 /* coding_test_mobileUITestsLaunchTests.swift */; };
		62EB503E2B171A2400368AC1 /* Currency.swift in Sources */ = {isa = PBXBuildFile; fileRef = 62EB503D2B171A2400368AC1 /* Currency.swift */; };
/* End PBXBuildFile section */

/* Begin PBXContainerItemProxy section */
		62EB50212B16AE0800368AC1 /* PBXContainerItemProxy */ = {
			isa = PBXContainerItemProxy;
			containerPortal = 62EB50022B16AE0600368AC1 /* Project object */;
			proxyType = 1;
			remoteGlobalIDString = 62EB50092B16AE0600368AC1;
			remoteInfo = coding_test_mobile;
		};
		62EB502B2B16AE0800368AC1 /* PBXContainerItemProxy */ = {
			isa = PBXContainerItemProxy;
			containerPortal = 62EB50022B16AE0600368AC1 /* Project object */;
			proxyType = 1;
			remoteGlobalIDString = 62EB50092B16AE0600368AC1;
			remoteInfo = coding_test_mobile;
		};
/* End PBXContainerItemProxy section */

/* Begin PBXFileReference section */
		620C284A2B1C811600C5488B /* HttpService.swift */ = {isa = PBXFileReference; lastKnownFileType = sourcecode.swift; path = HttpService.swift; sourceTree = "<group>"; };
		620C284C2B1C856900C5488B /* AppConfiguration.swift */ = {isa = PBXFileReference; lastKnownFileType = sourcecode.swift; path = AppConfiguration.swift; sourceTree = "<group>"; };
		620C28512B1CA5C100C5488B /* ApiService.swift */ = {isa = PBXFileReference; lastKnownFileType = sourcecode.swift; path = ApiService.swift; sourceTree = "<group>"; };
		620C28552B1CB52100C5488B /* NetworkSessionManager.swift */ = {isa = PBXFileReference; lastKnownFileType = sourcecode.swift; path = NetworkSessionManager.swift; sourceTree = "<group>"; };
		620C28572B1CE10700C5488B /* ErrorResponse.swift */ = {isa = PBXFileReference; lastKnownFileType = sourcecode.swift; path = ErrorResponse.swift; sourceTree = "<group>"; };
		620C285A2B1D7FB600C5488B /* ErrorResult.swift */ = {isa = PBXFileReference; lastKnownFileType = sourcecode.swift; path = ErrorResult.swift; sourceTree = "<group>"; };
		620C285D2B1D864F00C5488B /* DataConvertor.swift */ = {isa = PBXFileReference; lastKnownFileType = sourcecode.swift; path = DataConvertor.swift; sourceTree = "<group>"; };
		620C285F2B1D8DEA00C5488B /* ErrorResultEntity.swift */ = {isa = PBXFileReference; lastKnownFileType = sourcecode.swift; path = ErrorResultEntity.swift; sourceTree = "<group>"; };
		620C28632B1D96BA00C5488B /* LiveRepository.swift */ = {isa = PBXFileReference; lastKnownFileType = sourcecode.swift; path = LiveRepository.swift; sourceTree = "<group>"; };
		620C28652B1D97E100C5488B /* LiveRepositoryImpl.swift */ = {isa = PBXFileReference; lastKnownFileType = sourcecode.swift; path = LiveRepositoryImpl.swift; sourceTree = "<group>"; };
		620C286B2B1DC6F100C5488B /* LiveUseCase.swift */ = {isa = PBXFileReference; lastKnownFileType = sourcecode.swift; path = LiveUseCase.swift; sourceTree = "<group>"; };
		620C286D2B1DC73100C5488B /* LiveUseCaseImpl.swift */ = {isa = PBXFileReference; lastKnownFileType = sourcecode.swift; path = LiveUseCaseImpl.swift; sourceTree = "<group>"; };
		6216CA272B199FB1007532BC /* MainViewModel.swift */ = {isa = PBXFileReference; lastKnownFileType = sourcecode.swift; path = MainViewModel.swift; sourceTree = "<group>"; };
		6216CA332B19A7A4007532BC /* ko */ = {isa = PBXFileReference; lastKnownFileType = text.plist.strings; name = ko; path = ko.lproj/Localizable.strings; sourceTree = "<group>"; };
		6216CA342B19A7F9007532BC /* ko */ = {isa = PBXFileReference; lastKnownFileType = file.storyboard; name = ko; path = ko.lproj/LaunchScreen.storyboard; sourceTree = "<group>"; };
		6216CA352B19A7F9007532BC /* ko */ = {isa = PBXFileReference; lastKnownFileType = file.storyboard; name = ko; path = ko.lproj/Main.storyboard; sourceTree = "<group>"; };
		6216CA372B19B4F7007532BC /* Extensions.swift */ = {isa = PBXFileReference; lastKnownFileType = sourcecode.swift; path = Extensions.swift; sourceTree = "<group>"; };
		6216CA392B19BE6C007532BC /* Base */ = {isa = PBXFileReference; lastKnownFileType = file.storyboard; name = Base; path = Base.lproj/Main.storyboard; sourceTree = "<group>"; };
		6216CA3A2B19BE94007532BC /* Base */ = {isa = PBXFileReference; lastKnownFileType = file.storyboard; name = Base; path = Base.lproj/LaunchScreen.storyboard; sourceTree = "<group>"; };
		6216CA3F2B19DA50007532BC /* Live.swift */ = {isa = PBXFileReference; lastKnownFileType = sourcecode.swift; path = Live.swift; sourceTree = "<group>"; };
		62EB500A2B16AE0600368AC1 /* coding_test_mobile.app */ = {isa = PBXFileReference; explicitFileType = wrapper.application; includeInIndex = 0; path = coding_test_mobile.app; sourceTree = BUILT_PRODUCTS_DIR; };
		62EB500D2B16AE0600368AC1 /* AppDelegate.swift */ = {isa = PBXFileReference; lastKnownFileType = sourcecode.swift; path = AppDelegate.swift; sourceTree = "<group>"; };
		62EB50112B16AE0600368AC1 /* ViewController.swift */ = {isa = PBXFileReference; lastKnownFileType = sourcecode.swift; path = ViewController.swift; sourceTree = "<group>"; };
		62EB50162B16AE0800368AC1 /* Assets.xcassets */ = {isa = PBXFileReference; lastKnownFileType = folder.assetcatalog; path = Assets.xcassets; sourceTree = "<group>"; };
		62EB501B2B16AE0800368AC1 /* Info.plist */ = {isa = PBXFileReference; lastKnownFileType = text.plist.xml; path = Info.plist; sourceTree = "<group>"; };
		62EB50202B16AE0800368AC1 /* coding_test_mobileTests.xctest */ = {isa = PBXFileReference; explicitFileType = wrapper.cfbundle; includeInIndex = 0; path = coding_test_mobileTests.xctest; sourceTree = BUILT_PRODUCTS_DIR; };
		62EB50242B16AE0800368AC1 /* coding_test_mobileTests.swift */ = {isa = PBXFileReference; lastKnownFileType = sourcecode.swift; path = coding_test_mobileTests.swift; sourceTree = "<group>"; };
		62EB502A2B16AE0800368AC1 /* coding_test_mobileUITests.xctest */ = {isa = PBXFileReference; explicitFileType = wrapper.cfbundle; includeInIndex = 0; path = coding_test_mobileUITests.xctest; sourceTree = BUILT_PRODUCTS_DIR; };
		62EB502E2B16AE0800368AC1 /* coding_test_mobileUITests.swift */ = {isa = PBXFileReference; lastKnownFileType = sourcecode.swift; path = coding_test_mobileUITests.swift; sourceTree = "<group>"; };
		62EB50302B16AE0800368AC1 /* coding_test_mobileUITestsLaunchTests.swift */ = {isa = PBXFileReference; lastKnownFileType = sourcecode.swift; path = coding_test_mobileUITestsLaunchTests.swift; sourceTree = "<group>"; };
		62EB503D2B171A2400368AC1 /* Currency.swift */ = {isa = PBXFileReference; lastKnownFileType = sourcecode.swift; path = Currency.swift; sourceTree = "<group>"; };
/* End PBXFileReference section */

/* Begin PBXFrameworksBuildPhase section */
		62EB50072B16AE0600368AC1 /* Frameworks */ = {
			isa = PBXFrameworksBuildPhase;
			buildActionMask = 2147483647;
			files = (
			);
			runOnlyForDeploymentPostprocessing = 0;
		};
		62EB501D2B16AE0800368AC1 /* Frameworks */ = {
			isa = PBXFrameworksBuildPhase;
			buildActionMask = 2147483647;
			files = (
			);
			runOnlyForDeploymentPostprocessing = 0;
		};
		62EB50272B16AE0800368AC1 /* Frameworks */ = {
			isa = PBXFrameworksBuildPhase;
			buildActionMask = 2147483647;
			files = (
			);
			runOnlyForDeploymentPostprocessing = 0;
		};
/* End PBXFrameworksBuildPhase section */

/* Begin PBXGroup section */
		620C28492B1C810200C5488B /* DataSource */ = {
			isa = PBXGroup;
			children = (
				620C28552B1CB52100C5488B /* NetworkSessionManager.swift */,
			);
			path = DataSource;
			sourceTree = "<group>";
		};
		620C28502B1CA5B000C5488B /* Service */ = {
			isa = PBXGroup;
			children = (
				620C284A2B1C811600C5488B /* HttpService.swift */,
				620C28512B1CA5C100C5488B /* ApiService.swift */,
			);
			path = Service;
			sourceTree = "<group>";
		};
		620C28592B1D7C5A00C5488B /* Entity */ = {
			isa = PBXGroup;
			children = (
				620C28572B1CE10700C5488B /* ErrorResponse.swift */,
				620C285F2B1D8DEA00C5488B /* ErrorResultEntity.swift */,
			);
			path = Entity;
			sourceTree = "<group>";
		};
		620C285C2B1D861F00C5488B /* Util */ = {
			isa = PBXGroup;
			children = (
				620C285D2B1D864F00C5488B /* DataConvertor.swift */,
			);
			path = Util;
			sourceTree = "<group>";
		};
		620C28612B1D964B00C5488B /* RepositoryImpl */ = {
			isa = PBXGroup;
			children = (
				620C28652B1D97E100C5488B /* LiveRepositoryImpl.swift */,
			);
			path = RepositoryImpl;
			sourceTree = "<group>";
		};
		620C28622B1D96A900C5488B /* Repository */ = {
			isa = PBXGroup;
			children = (
				620C28632B1D96BA00C5488B /* LiveRepository.swift */,
			);
			path = Repository;
			sourceTree = "<group>";
		};
		620C28692B1DC6CB00C5488B /* UseCase */ = {
			isa = PBXGroup;
			children = (
				620C286A2B1DC6D800C5488B /* Impl */,
				620C286B2B1DC6F100C5488B /* LiveUseCase.swift */,
			);
			path = UseCase;
			sourceTree = "<group>";
		};
		620C286A2B1DC6D800C5488B /* Impl */ = {
			isa = PBXGroup;
			children = (
				620C286D2B1DC73100C5488B /* LiveUseCaseImpl.swift */,
			);
			path = Impl;
			sourceTree = "<group>";
		};
		6216CA1F2B198FAC007532BC /* Presentation */ = {
			isa = PBXGroup;
			children = (
				6216CA362B19B449007532BC /* Extension */,
				6216CA252B1991D2007532BC /* Model */,
				6216CA232B199112007532BC /* ViewModel */,
				6216CA222B1990FF007532BC /* View */,
			);
			path = Presentation;
			sourceTree = "<group>";
		};
		6216CA202B1990AC007532BC /* Application */ = {
			isa = PBXGroup;
			children = (
				62EB500D2B16AE0600368AC1 /* AppDelegate.swift */,
				620C284C2B1C856900C5488B /* AppConfiguration.swift */,
			);
			path = Application;
			sourceTree = "<group>";
		};
		6216CA222B1990FF007532BC /* View */ = {
			isa = PBXGroup;
			children = (
				6216CA242B199119007532BC /* Storyboard */,
				62EB50112B16AE0600368AC1 /* ViewController.swift */,
			);
			path = View;
			sourceTree = "<group>";
		};
		6216CA232B199112007532BC /* ViewModel */ = {
			isa = PBXGroup;
			children = (
				6216CA272B199FB1007532BC /* MainViewModel.swift */,
			);
			path = ViewModel;
			sourceTree = "<group>";
		};
		6216CA242B199119007532BC /* Storyboard */ = {
			isa = PBXGroup;
			children = (
				62EB50182B16AE0800368AC1 /* LaunchScreen.storyboard */,
				62EB50132B16AE0600368AC1 /* Main.storyboard */,
			);
			path = Storyboard;
			sourceTree = "<group>";
		};
		6216CA252B1991D2007532BC /* Model */ = {
			isa = PBXGroup;
			children = (
				6216CA262B19924A007532BC /* Static */,
			);
			path = Model;
			sourceTree = "<group>";
		};
		6216CA262B19924A007532BC /* Static */ = {
			isa = PBXGroup;
			children = (
				62EB503D2B171A2400368AC1 /* Currency.swift */,
			);
			path = Static;
			sourceTree = "<group>";
		};
		6216CA362B19B449007532BC /* Extension */ = {
			isa = PBXGroup;
			children = (
				6216CA372B19B4F7007532BC /* Extensions.swift */,
			);
			path = Extension;
			sourceTree = "<group>";
		};
		6216CA3C2B19D82E007532BC /* Data */ = {
			isa = PBXGroup;
			children = (
				620C28612B1D964B00C5488B /* RepositoryImpl */,
				620C285C2B1D861F00C5488B /* Util */,
				620C28592B1D7C5A00C5488B /* Entity */,
				620C28502B1CA5B000C5488B /* Service */,
				620C28492B1C810200C5488B /* DataSource */,
			);
			path = Data;
			sourceTree = "<group>";
		};
		6216CA3D2B19D83E007532BC /* Domain */ = {
			isa = PBXGroup;
			children = (
				620C28692B1DC6CB00C5488B /* UseCase */,
				620C28622B1D96A900C5488B /* Repository */,
				6216CA3E2B19D95B007532BC /* Model */,
			);
			path = Domain;
			sourceTree = "<group>";
		};
		6216CA3E2B19D95B007532BC /* Model */ = {
			isa = PBXGroup;
			children = (
				6216CA3F2B19DA50007532BC /* Live.swift */,
				620C285A2B1D7FB600C5488B /* ErrorResult.swift */,
			);
			path = Model;
			sourceTree = "<group>";
		};
		62EB50012B16AE0600368AC1 = {
			isa = PBXGroup;
			children = (
				62EB500C2B16AE0600368AC1 /* coding_test_mobile */,
				62EB50232B16AE0800368AC1 /* coding_test_mobileTests */,
				62EB502D2B16AE0800368AC1 /* coding_test_mobileUITests */,
				62EB500B2B16AE0600368AC1 /* Products */,
			);
			sourceTree = "<group>";
		};
		62EB500B2B16AE0600368AC1 /* Products */ = {
			isa = PBXGroup;
			children = (
				62EB500A2B16AE0600368AC1 /* coding_test_mobile.app */,
				62EB50202B16AE0800368AC1 /* coding_test_mobileTests.xctest */,
				62EB502A2B16AE0800368AC1 /* coding_test_mobileUITests.xctest */,
			);
			name = Products;
			sourceTree = "<group>";
		};
		62EB500C2B16AE0600368AC1 /* coding_test_mobile */ = {
			isa = PBXGroup;
			children = (
				6216CA202B1990AC007532BC /* Application */,
				6216CA3C2B19D82E007532BC /* Data */,
				6216CA3D2B19D83E007532BC /* Domain */,
				6216CA1F2B198FAC007532BC /* Presentation */,
				62EB50162B16AE0800368AC1 /* Assets.xcassets */,
				62EB501B2B16AE0800368AC1 /* Info.plist */,
				6216CA322B19A75C007532BC /* Localizable.strings */,
			);
			path = coding_test_mobile;
			sourceTree = "<group>";
		};
		62EB50232B16AE0800368AC1 /* coding_test_mobileTests */ = {
			isa = PBXGroup;
			children = (
				62EB50242B16AE0800368AC1 /* coding_test_mobileTests.swift */,
			);
			path = coding_test_mobileTests;
			sourceTree = "<group>";
		};
		62EB502D2B16AE0800368AC1 /* coding_test_mobileUITests */ = {
			isa = PBXGroup;
			children = (
				62EB502E2B16AE0800368AC1 /* coding_test_mobileUITests.swift */,
				62EB50302B16AE0800368AC1 /* coding_test_mobileUITestsLaunchTests.swift */,
			);
			path = coding_test_mobileUITests;
			sourceTree = "<group>";
		};
/* End PBXGroup section */

/* Begin PBXNativeTarget section */
		62EB50092B16AE0600368AC1 /* coding_test_mobile */ = {
			isa = PBXNativeTarget;
			buildConfigurationList = 62EB50342B16AE0800368AC1 /* Build configuration list for PBXNativeTarget "coding_test_mobile" */;
			buildPhases = (
				62EB50062B16AE0600368AC1 /* Sources */,
				62EB50072B16AE0600368AC1 /* Frameworks */,
				62EB50082B16AE0600368AC1 /* Resources */,
			);
			buildRules = (
			);
			dependencies = (
			);
			name = coding_test_mobile;
			productName = coding_test_mobile;
			productReference = 62EB500A2B16AE0600368AC1 /* coding_test_mobile.app */;
			productType = "com.apple.product-type.application";
		};
		62EB501F2B16AE0800368AC1 /* coding_test_mobileTests */ = {
			isa = PBXNativeTarget;
			buildConfigurationList = 62EB50372B16AE0800368AC1 /* Build configuration list for PBXNativeTarget "coding_test_mobileTests" */;
			buildPhases = (
				62EB501C2B16AE0800368AC1 /* Sources */,
				62EB501D2B16AE0800368AC1 /* Frameworks */,
				62EB501E2B16AE0800368AC1 /* Resources */,
			);
			buildRules = (
			);
			dependencies = (
				62EB50222B16AE0800368AC1 /* PBXTargetDependency */,
			);
			name = coding_test_mobileTests;
			productName = coding_test_mobileTests;
			productReference = 62EB50202B16AE0800368AC1 /* coding_test_mobileTests.xctest */;
			productType = "com.apple.product-type.bundle.unit-test";
		};
		62EB50292B16AE0800368AC1 /* coding_test_mobileUITests */ = {
			isa = PBXNativeTarget;
			buildConfigurationList = 62EB503A2B16AE0800368AC1 /* Build configuration list for PBXNativeTarget "coding_test_mobileUITests" */;
			buildPhases = (
				62EB50262B16AE0800368AC1 /* Sources */,
				62EB50272B16AE0800368AC1 /* Frameworks */,
				62EB50282B16AE0800368AC1 /* Resources */,
			);
			buildRules = (
			);
			dependencies = (
				62EB502C2B16AE0800368AC1 /* PBXTargetDependency */,
			);
			name = coding_test_mobileUITests;
			productName = coding_test_mobileUITests;
			productReference = 62EB502A2B16AE0800368AC1 /* coding_test_mobileUITests.xctest */;
			productType = "com.apple.product-type.bundle.ui-testing";
		};
/* End PBXNativeTarget section */

/* Begin PBXProject section */
		62EB50022B16AE0600368AC1 /* Project object */ = {
			isa = PBXProject;
			attributes = {
				BuildIndependentTargetsInParallel = 1;
				LastSwiftUpdateCheck = 1430;
				LastUpgradeCheck = 1430;
				TargetAttributes = {
					62EB50092B16AE0600368AC1 = {
						CreatedOnToolsVersion = 14.3.1;
					};
					62EB501F2B16AE0800368AC1 = {
						CreatedOnToolsVersion = 14.3.1;
						TestTargetID = 62EB50092B16AE0600368AC1;
					};
					62EB50292B16AE0800368AC1 = {
						CreatedOnToolsVersion = 14.3.1;
						TestTargetID = 62EB50092B16AE0600368AC1;
					};
				};
			};
			buildConfigurationList = 62EB50052B16AE0600368AC1 /* Build configuration list for PBXProject "coding_test_mobile" */;
			compatibilityVersion = "Xcode 14.0";
			developmentRegion = ko;
			hasScannedForEncodings = 0;
			knownRegions = (
				en,
				ko,
				Base,
			);
			mainGroup = 62EB50012B16AE0600368AC1;
			productRefGroup = 62EB500B2B16AE0600368AC1 /* Products */;
			projectDirPath = "";
			projectRoot = "";
			targets = (
				62EB50092B16AE0600368AC1 /* coding_test_mobile */,
				62EB501F2B16AE0800368AC1 /* coding_test_mobileTests */,
				62EB50292B16AE0800368AC1 /* coding_test_mobileUITests */,
			);
		};
/* End PBXProject section */

/* Begin PBXResourcesBuildPhase section */
		62EB50082B16AE0600368AC1 /* Resources */ = {
			isa = PBXResourcesBuildPhase;
			buildActionMask = 2147483647;
			files = (
				62EB501A2B16AE0800368AC1 /* LaunchScreen.storyboard in Resources */,
				6216CA302B19A75C007532BC /* Localizable.strings in Resources */,
				62EB50172B16AE0800368AC1 /* Assets.xcassets in Resources */,
				62EB50152B16AE0600368AC1 /* Main.storyboard in Resources */,
			);
			runOnlyForDeploymentPostprocessing = 0;
		};
		62EB501E2B16AE0800368AC1 /* Resources */ = {
			isa = PBXResourcesBuildPhase;
			buildActionMask = 2147483647;
			files = (
			);
			runOnlyForDeploymentPostprocessing = 0;
		};
		62EB50282B16AE0800368AC1 /* Resources */ = {
			isa = PBXResourcesBuildPhase;
			buildActionMask = 2147483647;
			files = (
			);
			runOnlyForDeploymentPostprocessing = 0;
		};
/* End PBXResourcesBuildPhase section */

/* Begin PBXSourcesBuildPhase section */
		62EB50062B16AE0600368AC1 /* Sources */ = {
			isa = PBXSourcesBuildPhase;
			buildActionMask = 2147483647;
			files = (
				620C28522B1CA5C100C5488B /* ApiService.swift in Sources */,
				620C285B2B1D7FB600C5488B /* ErrorResult.swift in Sources */,
				620C28642B1D96BA00C5488B /* LiveRepository.swift in Sources */,
				620C286E2B1DC73100C5488B /* LiveUseCaseImpl.swift in Sources */,
				6216CA282B199FB1007532BC /* MainViewModel.swift in Sources */,
				620C28582B1CE10700C5488B /* ErrorResponse.swift in Sources */,
				620C28662B1D97E100C5488B /* LiveRepositoryImpl.swift in Sources */,
				620C286C2B1DC6F100C5488B /* LiveUseCase.swift in Sources */,
				62EB50122B16AE0600368AC1 /* ViewController.swift in Sources */,
				620C285E2B1D864F00C5488B /* DataConvertor.swift in Sources */,
				620C28602B1D8DEA00C5488B /* ErrorResultEntity.swift in Sources */,
				6216CA402B19DA50007532BC /* Live.swift in Sources */,
				6216CA382B19B4F7007532BC /* Extensions.swift in Sources */,
				620C284D2B1C856900C5488B /* AppConfiguration.swift in Sources */,
				620C28562B1CB52100C5488B /* NetworkSessionManager.swift in Sources */,
				620C284B2B1C811600C5488B /* HttpService.swift in Sources */,
				62EB500E2B16AE0600368AC1 /* AppDelegate.swift in Sources */,
				62EB503E2B171A2400368AC1 /* Currency.swift in Sources */,
			);
			runOnlyForDeploymentPostprocessing = 0;
		};
		62EB501C2B16AE0800368AC1 /* Sources */ = {
			isa = PBXSourcesBuildPhase;
			buildActionMask = 2147483647;
			files = (
				62EB50252B16AE0800368AC1 /* coding_test_mobileTests.swift in Sources */,
			);
			runOnlyForDeploymentPostprocessing = 0;
		};
		62EB50262B16AE0800368AC1 /* Sources */ = {
			isa = PBXSourcesBuildPhase;
			buildActionMask = 2147483647;
			files = (
				62EB50312B16AE0800368AC1 /* coding_test_mobileUITestsLaunchTests.swift in Sources */,
				62EB502F2B16AE0800368AC1 /* coding_test_mobileUITests.swift in Sources */,
			);
			runOnlyForDeploymentPostprocessing = 0;
		};
/* End PBXSourcesBuildPhase section */

/* Begin PBXTargetDependency section */
		62EB50222B16AE0800368AC1 /* PBXTargetDependency */ = {
			isa = PBXTargetDependency;
			target = 62EB50092B16AE0600368AC1 /* coding_test_mobile */;
			targetProxy = 62EB50212B16AE0800368AC1 /* PBXContainerItemProxy */;
		};
		62EB502C2B16AE0800368AC1 /* PBXTargetDependency */ = {
			isa = PBXTargetDependency;
			target = 62EB50092B16AE0600368AC1 /* coding_test_mobile */;
			targetProxy = 62EB502B2B16AE0800368AC1 /* PBXContainerItemProxy */;
		};
/* End PBXTargetDependency section */

/* Begin PBXVariantGroup section */
		6216CA322B19A75C007532BC /* Localizable.strings */ = {
			isa = PBXVariantGroup;
			children = (
				6216CA332B19A7A4007532BC /* ko */,
			);
			name = Localizable.strings;
			sourceTree = "<group>";
		};
		62EB50132B16AE0600368AC1 /* Main.storyboard */ = {
			isa = PBXVariantGroup;
			children = (
				6216CA352B19A7F9007532BC /* ko */,
				6216CA392B19BE6C007532BC /* Base */,
			);
			name = Main.storyboard;
			sourceTree = "<group>";
		};
		62EB50182B16AE0800368AC1 /* LaunchScreen.storyboard */ = {
			isa = PBXVariantGroup;
			children = (
				6216CA342B19A7F9007532BC /* ko */,
				6216CA3A2B19BE94007532BC /* Base */,
			);
			name = LaunchScreen.storyboard;
			sourceTree = "<group>";
		};
/* End PBXVariantGroup section */

/* Begin XCBuildConfiguration section */
		62EB50322B16AE0800368AC1 /* Debug */ = {
			isa = XCBuildConfiguration;
			buildSettings = {
				ALWAYS_SEARCH_USER_PATHS = NO;
				CLANG_ANALYZER_LOCALIZABILITY_NONLOCALIZED = YES;
				CLANG_ANALYZER_NONNULL = YES;
				CLANG_ANALYZER_NUMBER_OBJECT_CONVERSION = YES_AGGRESSIVE;
				CLANG_CXX_LANGUAGE_STANDARD = "gnu++20";
				CLANG_ENABLE_MODULES = YES;
				CLANG_ENABLE_OBJC_ARC = YES;
				CLANG_ENABLE_OBJC_WEAK = YES;
				CLANG_WARN_BLOCK_CAPTURE_AUTORELEASING = YES;
				CLANG_WARN_BOOL_CONVERSION = YES;
				CLANG_WARN_COMMA = YES;
				CLANG_WARN_CONSTANT_CONVERSION = YES;
				CLANG_WARN_DEPRECATED_OBJC_IMPLEMENTATIONS = YES;
				CLANG_WARN_DIRECT_OBJC_ISA_USAGE = YES_ERROR;
				CLANG_WARN_DOCUMENTATION_COMMENTS = YES;
				CLANG_WARN_EMPTY_BODY = YES;
				CLANG_WARN_ENUM_CONVERSION = YES;
				CLANG_WARN_INFINITE_RECURSION = YES;
				CLANG_WARN_INT_CONVERSION = YES;
				CLANG_WARN_NON_LITERAL_NULL_CONVERSION = YES;
				CLANG_WARN_OBJC_IMPLICIT_RETAIN_SELF = YES;
				CLANG_WARN_OBJC_LITERAL_CONVERSION = YES;
				CLANG_WARN_OBJC_ROOT_CLASS = YES_ERROR;
				CLANG_WARN_QUOTED_INCLUDE_IN_FRAMEWORK_HEADER = YES;
				CLANG_WARN_RANGE_LOOP_ANALYSIS = YES;
				CLANG_WARN_STRICT_PROTOTYPES = YES;
				CLANG_WARN_SUSPICIOUS_MOVE = YES;
				CLANG_WARN_UNGUARDED_AVAILABILITY = YES_AGGRESSIVE;
				CLANG_WARN_UNREACHABLE_CODE = YES;
				CLANG_WARN__DUPLICATE_METHOD_MATCH = YES;
				COPY_PHASE_STRIP = NO;
				DEBUG_INFORMATION_FORMAT = dwarf;
				ENABLE_STRICT_OBJC_MSGSEND = YES;
				ENABLE_TESTABILITY = YES;
				GCC_C_LANGUAGE_STANDARD = gnu11;
				GCC_DYNAMIC_NO_PIC = NO;
				GCC_NO_COMMON_BLOCKS = YES;
				GCC_OPTIMIZATION_LEVEL = 0;
				GCC_PREPROCESSOR_DEFINITIONS = (
					"DEBUG=1",
					"$(inherited)",
				);
				GCC_WARN_64_TO_32_BIT_CONVERSION = YES;
				GCC_WARN_ABOUT_RETURN_TYPE = YES_ERROR;
				GCC_WARN_UNDECLARED_SELECTOR = YES;
				GCC_WARN_UNINITIALIZED_AUTOS = YES_AGGRESSIVE;
				GCC_WARN_UNUSED_FUNCTION = YES;
				GCC_WARN_UNUSED_VARIABLE = YES;
				IPHONEOS_DEPLOYMENT_TARGET = 16.4;
				MTL_ENABLE_DEBUG_INFO = INCLUDE_SOURCE;
				MTL_FAST_MATH = YES;
				ONLY_ACTIVE_ARCH = YES;
				SDKROOT = iphoneos;
				SWIFT_ACTIVE_COMPILATION_CONDITIONS = DEBUG;
				SWIFT_OPTIMIZATION_LEVEL = "-Onone";
			};
			name = Debug;
		};
		62EB50332B16AE0800368AC1 /* Release */ = {
			isa = XCBuildConfiguration;
			buildSettings = {
				ALWAYS_SEARCH_USER_PATHS = NO;
				CLANG_ANALYZER_LOCALIZABILITY_NONLOCALIZED = YES;
				CLANG_ANALYZER_NONNULL = YES;
				CLANG_ANALYZER_NUMBER_OBJECT_CONVERSION = YES_AGGRESSIVE;
				CLANG_CXX_LANGUAGE_STANDARD = "gnu++20";
				CLANG_ENABLE_MODULES = YES;
				CLANG_ENABLE_OBJC_ARC = YES;
				CLANG_ENABLE_OBJC_WEAK = YES;
				CLANG_WARN_BLOCK_CAPTURE_AUTORELEASING = YES;
				CLANG_WARN_BOOL_CONVERSION = YES;
				CLANG_WARN_COMMA = YES;
				CLANG_WARN_CONSTANT_CONVERSION = YES;
				CLANG_WARN_DEPRECATED_OBJC_IMPLEMENTATIONS = YES;
				CLANG_WARN_DIRECT_OBJC_ISA_USAGE = YES_ERROR;
				CLANG_WARN_DOCUMENTATION_COMMENTS = YES;
				CLANG_WARN_EMPTY_BODY = YES;
				CLANG_WARN_ENUM_CONVERSION = YES;
				CLANG_WARN_INFINITE_RECURSION = YES;
				CLANG_WARN_INT_CONVERSION = YES;
				CLANG_WARN_NON_LITERAL_NULL_CONVERSION = YES;
				CLANG_WARN_OBJC_IMPLICIT_RETAIN_SELF = YES;
				CLANG_WARN_OBJC_LITERAL_CONVERSION = YES;
				CLANG_WARN_OBJC_ROOT_CLASS = YES_ERROR;
				CLANG_WARN_QUOTED_INCLUDE_IN_FRAMEWORK_HEADER = YES;
				CLANG_WARN_RANGE_LOOP_ANALYSIS = YES;
				CLANG_WARN_STRICT_PROTOTYPES = YES;
				CLANG_WARN_SUSPICIOUS_MOVE = YES;
				CLANG_WARN_UNGUARDED_AVAILABILITY = YES_AGGRESSIVE;
				CLANG_WARN_UNREACHABLE_CODE = YES;
				CLANG_WARN__DUPLICATE_METHOD_MATCH = YES;
				COPY_PHASE_STRIP = NO;
				DEBUG_INFORMATION_FORMAT = "dwarf-with-dsym";
				ENABLE_NS_ASSERTIONS = NO;
				ENABLE_STRICT_OBJC_MSGSEND = YES;
				GCC_C_LANGUAGE_STANDARD = gnu11;
				GCC_NO_COMMON_BLOCKS = YES;
				GCC_WARN_64_TO_32_BIT_CONVERSION = YES;
				GCC_WARN_ABOUT_RETURN_TYPE = YES_ERROR;
				GCC_WARN_UNDECLARED_SELECTOR = YES;
				GCC_WARN_UNINITIALIZED_AUTOS = YES_AGGRESSIVE;
				GCC_WARN_UNUSED_FUNCTION = YES;
				GCC_WARN_UNUSED_VARIABLE = YES;
				IPHONEOS_DEPLOYMENT_TARGET = 16.4;
				MTL_ENABLE_DEBUG_INFO = NO;
				MTL_FAST_MATH = YES;
				SDKROOT = iphoneos;
				SWIFT_COMPILATION_MODE = wholemodule;
				SWIFT_OPTIMIZATION_LEVEL = "-O";
				VALIDATE_PRODUCT = YES;
			};
			name = Release;
		};
		62EB50352B16AE0800368AC1 /* Debug */ = {
			isa = XCBuildConfiguration;
			buildSettings = {
				ASSETCATALOG_COMPILER_APPICON_NAME = AppIcon;
				ASSETCATALOG_COMPILER_GLOBAL_ACCENT_COLOR_NAME = AccentColor;
				CODE_SIGN_STYLE = Automatic;
				CURRENT_PROJECT_VERSION = 1;
				DEVELOPMENT_TEAM = 9RHJ4GA3W6;
				GENERATE_INFOPLIST_FILE = YES;
				INFOPLIST_FILE = coding_test_mobile/Info.plist;
				INFOPLIST_KEY_UIApplicationSupportsIndirectInputEvents = YES;
				INFOPLIST_KEY_UILaunchStoryboardName = LaunchScreen;
				INFOPLIST_KEY_UIMainStoryboardFile = Main;
				INFOPLIST_KEY_UIStatusBarHidden = NO;
				INFOPLIST_KEY_UISupportedInterfaceOrientations = UIInterfaceOrientationPortrait;
				INFOPLIST_KEY_UISupportedInterfaceOrientations_iPad = "UIInterfaceOrientationLandscapeLeft UIInterfaceOrientationLandscapeRight UIInterfaceOrientationPortrait UIInterfaceOrientationPortraitUpsideDown";
				INFOPLIST_KEY_UIUserInterfaceStyle = Light;
				IPHONEOS_DEPLOYMENT_TARGET = 13.0;
				LD_RUNPATH_SEARCH_PATHS = (
					"$(inherited)",
					"@executable_path/Frameworks",
				);
				MARKETING_VERSION = 1.0;
				PRODUCT_BUNDLE_IDENTIFIER = "com.devejkim.coding-test-mobile";
				PRODUCT_NAME = "$(TARGET_NAME)";
				SUPPORTED_PLATFORMS = "iphoneos iphonesimulator";
				SUPPORTS_MACCATALYST = NO;
				SUPPORTS_MAC_DESIGNED_FOR_IPHONE_IPAD = NO;
				SWIFT_EMIT_LOC_STRINGS = YES;
				SWIFT_VERSION = 5.0;
				TARGETED_DEVICE_FAMILY = 1;
			};
			name = Debug;
		};
		62EB50362B16AE0800368AC1 /* Release */ = {
			isa = XCBuildConfiguration;
			buildSettings = {
				ASSETCATALOG_COMPILER_APPICON_NAME = AppIcon;
				ASSETCATALOG_COMPILER_GLOBAL_ACCENT_COLOR_NAME = AccentColor;
				CODE_SIGN_STYLE = Automatic;
				CURRENT_PROJECT_VERSION = 1;
				DEVELOPMENT_TEAM = 9RHJ4GA3W6;
				GENERATE_INFOPLIST_FILE = YES;
				INFOPLIST_FILE = coding_test_mobile/Info.plist;
				INFOPLIST_KEY_UIApplicationSupportsIndirectInputEvents = YES;
				INFOPLIST_KEY_UILaunchStoryboardName = LaunchScreen;
				INFOPLIST_KEY_UIMainStoryboardFile = Main;
				INFOPLIST_KEY_UIStatusBarHidden = NO;
				INFOPLIST_KEY_UISupportedInterfaceOrientations = UIInterfaceOrientationPortrait;
				INFOPLIST_KEY_UISupportedInterfaceOrientations_iPad = "UIInterfaceOrientationLandscapeLeft UIInterfaceOrientationLandscapeRight UIInterfaceOrientationPortrait UIInterfaceOrientationPortraitUpsideDown";
				INFOPLIST_KEY_UIUserInterfaceStyle = Light;
				IPHONEOS_DEPLOYMENT_TARGET = 13.0;
				LD_RUNPATH_SEARCH_PATHS = (
					"$(inherited)",
					"@executable_path/Frameworks",
				);
				MARKETING_VERSION = 1.0;
				PRODUCT_BUNDLE_IDENTIFIER = "com.devejkim.coding-test-mobile";
				PRODUCT_NAME = "$(TARGET_NAME)";
				SUPPORTED_PLATFORMS = "iphoneos iphonesimulator";
				SUPPORTS_MACCATALYST = NO;
				SUPPORTS_MAC_DESIGNED_FOR_IPHONE_IPAD = NO;
				SWIFT_EMIT_LOC_STRINGS = YES;
				SWIFT_VERSION = 5.0;
				TARGETED_DEVICE_FAMILY = 1;
			};
			name = Release;
		};
		62EB50382B16AE0800368AC1 /* Debug */ = {
			isa = XCBuildConfiguration;
			buildSettings = {
				ALWAYS_EMBED_SWIFT_STANDARD_LIBRARIES = YES;
				BUNDLE_LOADER = "$(TEST_HOST)";
				CODE_SIGN_STYLE = Automatic;
				CURRENT_PROJECT_VERSION = 1;
				DEVELOPMENT_TEAM = 9RHJ4GA3W6;
				GENERATE_INFOPLIST_FILE = YES;
				IPHONEOS_DEPLOYMENT_TARGET = 16.4;
				MARKETING_VERSION = 1.0;
				PRODUCT_BUNDLE_IDENTIFIER = "com.devejkim.coding-test-mobileTests";
				PRODUCT_NAME = "$(TARGET_NAME)";
				SWIFT_EMIT_LOC_STRINGS = NO;
				SWIFT_VERSION = 5.0;
				TARGETED_DEVICE_FAMILY = "1,2";
				TEST_HOST = "$(BUILT_PRODUCTS_DIR)/coding_test_mobile.app/$(BUNDLE_EXECUTABLE_FOLDER_PATH)/coding_test_mobile";
			};
			name = Debug;
		};
		62EB50392B16AE0800368AC1 /* Release */ = {
			isa = XCBuildConfiguration;
			buildSettings = {
				ALWAYS_EMBED_SWIFT_STANDARD_LIBRARIES = YES;
				BUNDLE_LOADER = "$(TEST_HOST)";
				CODE_SIGN_STYLE = Automatic;
				CURRENT_PROJECT_VERSION = 1;
				DEVELOPMENT_TEAM = 9RHJ4GA3W6;
				GENERATE_INFOPLIST_FILE = YES;
				IPHONEOS_DEPLOYMENT_TARGET = 16.4;
				MARKETING_VERSION = 1.0;
				PRODUCT_BUNDLE_IDENTIFIER = "com.devejkim.coding-test-mobileTests";
				PRODUCT_NAME = "$(TARGET_NAME)";
				SWIFT_EMIT_LOC_STRINGS = NO;
				SWIFT_VERSION = 5.0;
				TARGETED_DEVICE_FAMILY = "1,2";
				TEST_HOST = "$(BUILT_PRODUCTS_DIR)/coding_test_mobile.app/$(BUNDLE_EXECUTABLE_FOLDER_PATH)/coding_test_mobile";
			};
			name = Release;
		};
		62EB503B2B16AE0800368AC1 /* Debug */ = {
			isa = XCBuildConfiguration;
			buildSettings = {
				ALWAYS_EMBED_SWIFT_STANDARD_LIBRARIES = YES;
				CODE_SIGN_STYLE = Automatic;
				CURRENT_PROJECT_VERSION = 1;
				DEVELOPMENT_TEAM = 9RHJ4GA3W6;
				GENERATE_INFOPLIST_FILE = YES;
				MARKETING_VERSION = 1.0;
				PRODUCT_BUNDLE_IDENTIFIER = "com.devejkim.coding-test-mobileUITests";
				PRODUCT_NAME = "$(TARGET_NAME)";
				SWIFT_EMIT_LOC_STRINGS = NO;
				SWIFT_VERSION = 5.0;
				TARGETED_DEVICE_FAMILY = "1,2";
				TEST_TARGET_NAME = coding_test_mobile;
			};
			name = Debug;
		};
		62EB503C2B16AE0800368AC1 /* Release */ = {
			isa = XCBuildConfiguration;
			buildSettings = {
				ALWAYS_EMBED_SWIFT_STANDARD_LIBRARIES = YES;
				CODE_SIGN_STYLE = Automatic;
				CURRENT_PROJECT_VERSION = 1;
				DEVELOPMENT_TEAM = 9RHJ4GA3W6;
				GENERATE_INFOPLIST_FILE = YES;
				MARKETING_VERSION = 1.0;
				PRODUCT_BUNDLE_IDENTIFIER = "com.devejkim.coding-test-mobileUITests";
				PRODUCT_NAME = "$(TARGET_NAME)";
				SWIFT_EMIT_LOC_STRINGS = NO;
				SWIFT_VERSION = 5.0;
				TARGETED_DEVICE_FAMILY = "1,2";
				TEST_TARGET_NAME = coding_test_mobile;
			};
			name = Release;
		};
/* End XCBuildConfiguration section */

/* Begin XCConfigurationList section */
		62EB50052B16AE0600368AC1 /* Build configuration list for PBXProject "coding_test_mobile" */ = {
			isa = XCConfigurationList;
			buildConfigurations = (
				62EB50322B16AE0800368AC1 /* Debug */,
				62EB50332B16AE0800368AC1 /* Release */,
			);
			defaultConfigurationIsVisible = 0;
			defaultConfigurationName = Release;
		};
		62EB50342B16AE0800368AC1 /* Build configuration list for PBXNativeTarget "coding_test_mobile" */ = {
			isa = XCConfigurationList;
			buildConfigurations = (
				62EB50352B16AE0800368AC1 /* Debug */,
				62EB50362B16AE0800368AC1 /* Release */,
			);
			defaultConfigurationIsVisible = 0;
			defaultConfigurationName = Release;
		};
		62EB50372B16AE0800368AC1 /* Build configuration list for PBXNativeTarget "coding_test_mobileTests" */ = {
			isa = XCConfigurationList;
			buildConfigurations = (
				62EB50382B16AE0800368AC1 /* Debug */,
				62EB50392B16AE0800368AC1 /* Release */,
			);
			defaultConfigurationIsVisible = 0;
			defaultConfigurationName = Release;
		};
		62EB503A2B16AE0800368AC1 /* Build configuration list for PBXNativeTarget "coding_test_mobileUITests" */ = {
			isa = XCConfigurationList;
			buildConfigurations = (
				62EB503B2B16AE0800368AC1 /* Debug */,
				62EB503C2B16AE0800368AC1 /* Release */,
			);
			defaultConfigurationIsVisible = 0;
			defaultConfigurationName = Release;
		};
/* End XCConfigurationList section */
	};
	rootObject = 62EB50022B16AE0600368AC1 /* Project object */;
}
